
Microsoft Visual Studio Solution File, Format Version 12.00
# Visual Studio Version 17
VisualStudioVersion = 17.0.31903.59
MinimumVisualStudioVersion = 10.0.40219.1
Project("{2150E333-8FDC-42A3-9474-1A3956D46DE8}") = "src", "src", "{78C9267E-6939-4A07-94E7-F3EB2BA1C2FD}"
EndProject
Project("{FAE04EC0-301F-11D3-BF4B-00C04F79EFBC}") = "Program", "src\Program\Program.csproj", "{AF339445-FB5B-4457-BF19-902D7FF898F7}"
EndProject
Project("{FAE04EC0-301F-11D3-BF4B-00C04F79EFBC}") = "Library", "src\Library\Library.csproj", "{8041E632-D477-4AF7-A98B-D916EB2A011F}"
EndProject
Global
	GlobalSection(SolutionConfigurationPlatforms) = preSolution
		Debug|Any CPU = Debug|Any CPU
		Release|Any CPU = Release|Any CPU
	EndGlobalSection
	GlobalSection(SolutionProperties) = preSolution
		HideSolutionNode = FALSE
	EndGlobalSection
	GlobalSection(ProjectConfigurationPlatforms) = postSolution
		{AF339445-FB5B-4457-BF19-902D7FF898F7}.Debug|Any CPU.ActiveCfg = Debug|Any CPU
		{AF339445-FB5B-4457-BF19-902D7FF898F7}.Debug|Any CPU.Build.0 = Debug|Any CPU
		{AF339445-FB5B-4457-BF19-902D7FF898F7}.Release|Any CPU.ActiveCfg = Release|Any CPU
		{AF339445-FB5B-4457-BF19-902D7FF898F7}.Release|Any CPU.Build.0 = Release|Any CPU
		{8041E632-D477-4AF7-A98B-D916EB2A011F}.Debug|Any CPU.ActiveCfg = Debug|Any CPU
		{8041E632-D477-4AF7-A98B-D916EB2A011F}.Debug|Any CPU.Build.0 = Debug|Any CPU
		{8041E632-D477-4AF7-A98B-D916EB2A011F}.Release|Any CPU.ActiveCfg = Release|Any CPU
		{8041E632-D477-4AF7-A98B-D916EB2A011F}.Release|Any CPU.Build.0 = Release|Any CPU
	EndGlobalSection
	GlobalSection(NestedProjects) = preSolution
		{AF339445-FB5B-4457-BF19-902D7FF898F7} = {78C9267E-6939-4A07-94E7-F3EB2BA1C2FD}
		{8041E632-D477-4AF7-A98B-D916EB2A011F} = {78C9267E-6939-4A07-94E7-F3EB2BA1C2FD}
	EndGlobalSection
EndGlobal
